{
  "name": "create-webpack-init",
  "version": "0.0.0",
  "lockfileVersion": 1,
  "requires": true,
  "dependencies": {
    "@rabbitcc/webpack-builder": {
      "version": "0.0.3",
      "resolved": "https://registry.npmjs.org/@rabbitcc/webpack-builder/-/webpack-builder-0.0.3.tgz",
      "integrity": "sha512-0lAb7Zv+28Dmi0+zXe2BS2cWry7PZo9fq1dLhmVAVn9bcq5MoHUvZhae45+uVvvQpjI/UG3OBwLKdv0oyJmoAw==",
      "dev": true
    }
  }
}
